
Microsoft Visual Studio Solution File, Format Version 12.00
# Visual Studio Version 16
VisualStudioVersion = 16.0.30717.126
MinimumVisualStudioVersion = 10.0.40219.1
Project("{FAE04EC0-301F-11D3-BF4B-00C04F79EFBC}") = "graphical-programming-language", "graphical-programming-language.csproj", "{BADE4EF5-3E4F-4B60-A244-B515C3B3524E}"
EndProject
Global
	GlobalSection(SolutionConfigurationPlatforms) = preSolution
		Debug|Any CPU = Debug|Any CPU
		Release|Any CPU = Release|Any CPU
	EndGlobalSection
	GlobalSection(ProjectConfigurationPlatforms) = postSolution
		{BADE4EF5-3E4F-4B60-A244-B515C3B3524E}.Debug|Any CPU.ActiveCfg = Debug|Any CPU
		{BADE4EF5-3E4F-4B60-A244-B515C3B3524E}.Debug|Any CPU.Build.0 = Debug|Any CPU
		{BADE4EF5-3E4F-4B60-A244-B515C3B3524E}.Release|Any CPU.ActiveCfg = Release|Any CPU
		{BADE4EF5-3E4F-4B60-A244-B515C3B3524E}.Release|Any CPU.Build.0 = Release|Any CPU
	EndGlobalSection
	GlobalSection(SolutionProperties) = preSolution
		HideSolutionNode = FALSE
	EndGlobalSection
	GlobalSection(ExtensibilityGlobals) = postSolution
		SolutionGuid = {D1ECE595-6A0B-46B6-B3FC-1A8D56D9F35A}
	EndGlobalSection
EndGlobal
